{
  "name": "gatsby-transformer-api-blueprint",
  "requires": true,
  "lockfileVersion": 1,
  "dependencies": {
    "array-iterate": {
      "version": "1.1.2",
      "resolved": "https://registry.npmjs.org/array-iterate/-/array-iterate-1.1.2.tgz",
      "integrity": "sha512-1hWSHTIlG/8wtYD+PPX5AOBtKWngpDFjrsrHgZpe+JdgNGz0udYu6ZIkAa/xuenIUEqFv7DvE2Yr60jxweJSrQ=="
    },
    "babel-runtime": {
      "version": "6.26.0",
      "resolved": "https://registry.npmjs.org/babel-runtime/-/babel-runtime-6.26.0.tgz",
      "integrity": "sha1-llxwWGaOgrVde/4E/yM3vItWR/4=",
      "requires": {
        "core-js": "^2.4.0",
        "regenerator-runtime": "^0.11.0"
      }
    },
    "bail": {
      "version": "1.0.3",
      "resolved": "https://registry.npmjs.org/bail/-/bail-1.0.3.tgz",
      "integrity": "sha512-1X8CnjFVQ+a+KW36uBNMTU5s8+v5FzeqrP7hTG5aTb4aPreSbZJlhwPon9VKMuEVgV++JM+SQrALY3kr7eswdg=="
    },
    "ccount": {
      "version": "1.0.3",
      "resolved": "https://registry.npmjs.org/ccount/-/ccount-1.0.3.tgz",
      "integrity": "sha512-Jt9tIBkRc9POUof7QA/VwWd+58fKkEEfI+/t1/eOlxKM7ZhrczNzMFefge7Ai+39y1pR/pP6cI19guHy3FSLmw=="
    },
    "character-entities": {
      "version": "1.2.2",
      "resolved": "https://registry.npmjs.org/character-entities/-/character-entities-1.2.2.tgz",
      "integrity": "sha512-sMoHX6/nBiy3KKfC78dnEalnpn0Az0oSNvqUWYTtYrhRI5iUIYsROU48G+E+kMFQzqXaJ8kHJZ85n7y6/PHgwQ=="
    },
    "character-entities-html4": {
      "version": "1.1.2",
      "resolved": "https://registry.npmjs.org/character-entities-html4/-/character-entities-html4-1.1.2.tgz",
      "integrity": "sha512-sIrXwyna2+5b0eB9W149izTPJk/KkJTg6mEzDGibwBUkyH1SbDa+nf515Ppdi3MaH35lW0JFJDWeq9Luzes1Iw=="
    },
    "character-entities-legacy": {
      "version": "1.1.2",
      "resolved": "https://registry.npmjs.org/character-entities-legacy/-/character-entities-legacy-1.1.2.tgz",
      "integrity": "sha512-9NB2VbXtXYWdXzqrvAHykE/f0QJxzaKIpZ5QzNZrrgQ7Iyxr2vnfS8fCBNVW9nUEZE0lo57nxKRqnzY/dKrwlA=="
    },
    "character-reference-invalid": {
      "version": "1.1.2",
      "resolved": "https://registry.npmjs.org/character-reference-invalid/-/character-reference-invalid-1.1.2.tgz",
      "integrity": "sha512-7I/xceXfKyUJmSAn/jw8ve/9DyOP7XxufNYLI9Px7CmsKgEUaZLUTax6nZxGQtaoiZCjpu6cHPj20xC/vqRReQ=="
    },
    "collapse-white-space": {
      "version": "1.0.6",
      "resolved": "https://registry.npmjs.org/collapse-white-space/-/collapse-white-space-1.0.6.tgz",
      "integrity": "sha512-jEovNnrhMuqyCcjfEJA56v0Xq8SkIoPKDyaHahwo3POf4qcSXqMYuwNcOTzp74vTsR9Tn08z4MxWqAhcekogkQ=="
    },
    "core-js": {
      "version": "2.5.7",
      "resolved": "https://registry.npmjs.org/core-js/-/core-js-2.5.7.tgz",
      "integrity": "sha512-RszJCAxg/PP6uzXVXL6BsxSXx/B05oJAQ2vkJRjyjrEcNVycaqOmNb5OTxZPE3xa5gwZduqza6L9JOCenh/Ecw=="
    },
    "deckardcain": {
      "version": "0.3.4",
      "resolved": "https://registry.npmjs.org/deckardcain/-/deckardcain-0.3.4.tgz",
      "integrity": "sha1-ZOlJ6xLHs0j1GpGJsHEPoKJPqVE="
    },
    "drafter": {
      "version": "1.2.0",
      "resolved": "https://registry.npmjs.org/drafter/-/drafter-1.2.0.tgz",
      "integrity": "sha1-9NEeje4fJ/mkBIW4dAxENh6c+Fk=",
      "requires": {
        "drafter.js": "^2.6.0",
        "protagonist": "^1.6.0"
      }
    },
    "drafter.js": {
      "version": "2.6.7",
      "resolved": "https://registry.npmjs.org/drafter.js/-/drafter.js-2.6.7.tgz",
      "integrity": "sha1-WcQ6hYZSc0DLNb3cVBgFWfru8AE="
    },
    "emoji-regex": {
      "version": "6.1.1",
      "resolved": "https://registry.npmjs.org/emoji-regex/-/emoji-regex-6.1.1.tgz",
      "integrity": "sha1-xs0OwbBkLio8Z6ETfvxeeW2k+I4="
    },
    "extend": {
      "version": "3.0.2",
      "resolved": "https://registry.npmjs.org/extend/-/extend-3.0.2.tgz",
      "integrity": "sha512-fjquC59cD7CyW6urNXK0FBufkZcoiGG80wTuPujX590cB5Ttln20E2UB4S/WARVqhXffZl2LNgS+gQdPIIim/g=="
    },
    "fury": {
      "version": "3.0.0-beta.6",
      "resolved": "https://registry.npmjs.org/fury/-/fury-3.0.0-beta.6.tgz",
      "integrity": "sha512-IjCU8srMfZv2SN075a0iCt+OdWmaSDaAv9+ev/degImwTmVbzy61Sx3sakI/G0tbhQs29szTVk/EwcoHf7ur5Q==",
      "requires": {
        "minim": "^0.20.1",
        "minim-parse-result": "^0.10.0"
      }
    },
    "fury-adapter-apib-parser": {
      "version": "0.10.0",
      "resolved": "https://registry.npmjs.org/fury-adapter-apib-parser/-/fury-adapter-apib-parser-0.10.0.tgz",
      "integrity": "sha512-nvKIiNZt452vnWEMTobgtd4qb8C5iLqoQCrXr0SCJOaILOzHQmdihipy6gjLtdM9MgyrKlOzkSBmSCL+wVPQOA==",
      "requires": {
        "babel-runtime": "^6.23.0",
        "deckardcain": "^0.3.2",
        "drafter": "^1.2.0",
        "minim": "^0.20.1"
      }
    },
    "github-slugger": {
      "version": "1.2.0",
      "resolved": "https://registry.npmjs.org/github-slugger/-/github-slugger-1.2.0.tgz",
      "integrity": "sha512-wIaa75k1vZhyPm9yWrD08A5Xnx/V+RmzGrpjQuLemGKSb77Qukiaei58Bogrl/LZSADDfPzKJX8jhLs4CRTl7Q==",
      "requires": {
        "emoji-regex": ">=6.0.0 <=6.1.1"
      }
    },
    "inherits": {
      "version": "2.0.3",
      "resolved": "https://registry.npmjs.org/inherits/-/inherits-2.0.3.tgz",
      "integrity": "sha1-Yzwsg+PaQqUC9SRmAiSA9CCCYd4="
    },
    "is-alphabetical": {
      "version": "1.0.2",
      "resolved": "https://registry.npmjs.org/is-alphabetical/-/is-alphabetical-1.0.2.tgz",
      "integrity": "sha512-V0xN4BYezDHcBSKb1QHUFMlR4as/XEuCZBzMJUU4n7+Cbt33SmUnSol+pnXFvLxSHNq2CemUXNdaXV6Flg7+xg=="
    },
    "is-alphanumeric": {
      "version": "1.0.0",
      "resolved": "https://registry.npmjs.org/is-alphanumeric/-/is-alphanumeric-1.0.0.tgz",
      "integrity": "sha1-Spzvcdr0wAHB2B1j0UDPU/1oifQ="
    },
    "is-alphanumerical": {
      "version": "1.0.2",
      "resolved": "https://registry.npmjs.org/is-alphanumerical/-/is-alphanumerical-1.0.2.tgz",
      "integrity": "sha512-pyfU/0kHdISIgslFfZN9nfY1Gk3MquQgUm1mJTjdkEPpkAKNWuBTSqFwewOpR7N351VkErCiyV71zX7mlQQqsg==",
      "requires": {
        "is-alphabetical": "^1.0.0",
        "is-decimal": "^1.0.0"
      }
    },
    "is-buffer": {
      "version": "2.0.2",
      "resolved": "https://registry.npmjs.org/is-buffer/-/is-buffer-2.0.2.tgz",
      "integrity": "sha512-imvkm8cOGKeZ/NwkAd+FAURi0hsL9gr3kvdi0r3MnqChcOdPaQRIOQiOU+sD40XzUIe6nFmSHYtQjbkDvaQbEg=="
    },
    "is-decimal": {
      "version": "1.0.2",
      "resolved": "https://registry.npmjs.org/is-decimal/-/is-decimal-1.0.2.tgz",
      "integrity": "sha512-TRzl7mOCchnhchN+f3ICUCzYvL9ul7R+TYOsZ8xia++knyZAJfv/uA1FvQXsAnYIl1T3B2X5E/J7Wb1QXiIBXg=="
    },
    "is-hexadecimal": {
      "version": "1.0.2",
      "resolved": "https://registry.npmjs.org/is-hexadecimal/-/is-hexadecimal-1.0.2.tgz",
      "integrity": "sha512-but/G3sapV3MNyqiDBLrOi4x8uCIw0RY3o/Vb5GT0sMFHrVV7731wFSVy41T5FO1og7G0gXLJh0MkgPRouko/A=="
    },
    "is-plain-obj": {
      "version": "1.1.0",
      "resolved": "https://registry.npmjs.org/is-plain-obj/-/is-plain-obj-1.1.0.tgz",
      "integrity": "sha1-caUMhCnfync8kqOQpKA7OfzVHT4="
    },
    "is-whitespace-character": {
      "version": "1.0.2",
      "resolved": "https://registry.npmjs.org/is-whitespace-character/-/is-whitespace-character-1.0.2.tgz",
      "integrity": "sha512-SzM+T5GKUCtLhlHFKt2SDAX2RFzfS6joT91F2/WSi9LxgFdsnhfPK/UIA+JhRR2xuyLdrCys2PiFDrtn1fU5hQ=="
    },
    "is-word-character": {
      "version": "1.0.4",
      "resolved": "https://registry.npmjs.org/is-word-character/-/is-word-character-1.0.4.tgz",
      "integrity": "sha512-5SMO8RVennx3nZrqtKwCGyyetPE9VDba5ugvKLaD4KopPG5kR4mQ7tNt/r7feL5yt5h3lpuBbIUmCOG2eSzXHA=="
    },
    "lodash": {
      "version": "4.17.21",
      "resolved": "https://registry.npmjs.org/lodash/-/lodash-4.17.21.tgz",
      "integrity": "sha512-v2kDEe57lecTulaDIuNTPy3Ry4gLGJ6Z1O3vE1krgXZNrsQ+LFTGHVxVjcXPs17LhbZVGedAJv8XZ1tvj5FvSg=="
    },
    "longest-streak": {
      "version": "2.0.2",
      "resolved": "https://registry.npmjs.org/longest-streak/-/longest-streak-2.0.2.tgz",
      "integrity": "sha512-TmYTeEYxiAmSVdpbnQDXGtvYOIRsCMg89CVZzwzc2o7GFL1CjoiRPjH5ec0NFAVlAx3fVof9dX/t6KKRAo2OWA=="
    },
    "markdown-escapes": {
      "version": "1.0.2",
      "resolved": "https://registry.npmjs.org/markdown-escapes/-/markdown-escapes-1.0.2.tgz",
      "integrity": "sha512-lbRZ2mE3Q9RtLjxZBZ9+IMl68DKIXaVAhwvwn9pmjnPLS0h/6kyBMgNhqi1xFJ/2yv6cSyv0jbiZavZv93JkkA=="
    },
    "markdown-table": {
      "version": "1.1.2",
      "resolved": "https://registry.npmjs.org/markdown-table/-/markdown-table-1.1.2.tgz",
      "integrity": "sha512-NcWuJFHDA8V3wkDgR/j4+gZx+YQwstPgfQDV8ndUeWWzta3dnDTBxpVzqS9lkmJAuV5YX35lmyojl6HO5JXAgw=="
    },
    "mdast-util-compact": {
      "version": "1.0.1",
      "resolved": "https://registry.npmjs.org/mdast-util-compact/-/mdast-util-compact-1.0.1.tgz",
      "integrity": "sha1-zbX4TitqLTEU3zO9BdnLMuPECDo=",
      "requires": {
        "unist-util-modify-children": "^1.0.0",
        "unist-util-visit": "^1.1.0"
      }
    },
    "mdast-util-to-string": {
      "version": "1.0.4",
      "resolved": "https://registry.npmjs.org/mdast-util-to-string/-/mdast-util-to-string-1.0.4.tgz",
      "integrity": "sha1-XEVch4yTVfDB5/PotxnPWDaRrPs="
    },
    "mdast-util-toc": {
      "version": "2.0.1",
      "resolved": "https://registry.npmjs.org/mdast-util-toc/-/mdast-util-toc-2.0.1.tgz",
      "integrity": "sha1-sdLLI7+wH4Evp7Vb/+iwqL7fbyE=",
      "requires": {
        "github-slugger": "^1.1.1",
        "mdast-util-to-string": "^1.0.2",
        "unist-util-visit": "^1.1.0"
      }
    },
    "minim": {
      "version": "0.20.5",
      "resolved": "https://registry.npmjs.org/minim/-/minim-0.20.5.tgz",
      "integrity": "sha512-Q+k+g4PXuxUi+WEOfoUOpLGRbGDSQmUZFKQK7EsqtiZJz2WwtmaC+r5VFRWvNqp9DZuTkWpkHwQxxNJcWC+UTg==",
      "requires": {
        "lodash": "^4.15.0",
        "uptown": "^1.0.1"
      }
    },
    "minim-api-description": {
      "version": "0.8.1",
      "resolved": "https://registry.npmjs.org/minim-api-description/-/minim-api-description-0.8.1.tgz",
      "integrity": "sha512-Tby/4oxIGD+bHimYFrOuQjA2h0jbyjIt9EmCFfyAOpkDjGkFWCXvfo137w49+ToUMj30cYNGM6TXyVoX3Zuuww=="
    },
    "minim-parse-result": {
      "version": "0.10.1",
      "resolved": "https://registry.npmjs.org/minim-parse-result/-/minim-parse-result-0.10.1.tgz",
      "integrity": "sha512-FZ9uZSsJOtGQ1fPjHOoT291J0K53BlL4XphiPIZc4zwNyrlS0m7o/QhupeAJ7xKz+6FNJJDKxfzw7LijPK0WBw==",
      "requires": {
        "minim-api-description": "^0.8.1"
      }
    },
    "nan": {
      "version": "2.14.2",
      "resolved": "https://registry.npmjs.org/nan/-/nan-2.14.2.tgz",
      "integrity": "sha512-M2ufzIiINKCuDfBSAUr1vWQ+vuVcA9kqx8JJUsbQi6yf1uGRyb7HfpdfUr5qLXf3B/t8dPvcjhKMmlfnP47EzQ==",
      "optional": true
    },
    "parse-entities": {
      "version": "1.1.2",
      "resolved": "https://registry.npmjs.org/parse-entities/-/parse-entities-1.1.2.tgz",
      "integrity": "sha512-5N9lmQ7tmxfXf+hO3X6KRG6w7uYO/HL9fHalSySTdyn63C3WNvTM/1R8tn1u1larNcEbo3Slcy2bsVDQqvEpUg==",
      "requires": {
        "character-entities": "^1.0.0",
        "character-entities-legacy": "^1.0.0",
        "character-reference-invalid": "^1.0.0",
        "is-alphanumerical": "^1.0.0",
        "is-decimal": "^1.0.0",
        "is-hexadecimal": "^1.0.0"
      }
    },
    "protagonist": {
      "version": "1.6.8",
      "resolved": "https://registry.npmjs.org/protagonist/-/protagonist-1.6.8.tgz",
      "integrity": "sha1-FtXWMW8bbU5JPslFBjnbw1UDvm4=",
      "optional": true,
      "requires": {
        "nan": "^2.6.2"
      }
    },
    "regenerator-runtime": {
      "version": "0.11.1",
      "resolved": "https://registry.npmjs.org/regenerator-runtime/-/regenerator-runtime-0.11.1.tgz",
      "integrity": "sha512-MguG95oij0fC3QV3URf4V2SDYGJhJnJGqvIIgdECeODCT98wSWDAJ94SSuVpYQUoTcGUIL6L4yNB7j1DFFHSBg=="
    },
    "remark": {
      "version": "10.0.1",
      "resolved": "https://registry.npmjs.org/remark/-/remark-10.0.1.tgz",
      "integrity": "sha512-E6lMuoLIy2TyiokHprMjcWNJ5UxfGQjaMSMhV+f4idM625UjjK4j798+gPs5mfjzDE6vL0oFKVeZM6gZVSVrzQ==",
      "requires": {
        "remark-parse": "^6.0.0",
        "remark-stringify": "^6.0.0",
        "unified": "^7.0.0"
      },
      "dependencies": {
        "remark-parse": {
          "version": "6.0.3",
          "resolved": "https://registry.npmjs.org/remark-parse/-/remark-parse-6.0.3.tgz",
          "integrity": "sha512-QbDXWN4HfKTUC0hHa4teU463KclLAnwpn/FBn87j9cKYJWWawbiLgMfP2Q4XwhxxuuuOxHlw+pSN0OKuJwyVvg==",
          "requires": {
            "collapse-white-space": "^1.0.2",
            "is-alphabetical": "^1.0.0",
            "is-decimal": "^1.0.0",
            "is-whitespace-character": "^1.0.0",
            "is-word-character": "^1.0.0",
            "markdown-escapes": "^1.0.0",
            "parse-entities": "^1.1.0",
            "repeat-string": "^1.5.4",
            "state-toggle": "^1.0.0",
            "trim": "0.0.1",
            "trim-trailing-lines": "^1.0.0",
            "unherit": "^1.0.4",
            "unist-util-remove-position": "^1.0.0",
            "vfile-location": "^2.0.0",
            "xtend": "^4.0.1"
          }
        },
        "remark-stringify": {
          "version": "6.0.4",
          "resolved": "https://registry.npmjs.org/remark-stringify/-/remark-stringify-6.0.4.tgz",
          "integrity": "sha512-eRWGdEPMVudijE/psbIDNcnJLRVx3xhfuEsTDGgH4GsFF91dVhw5nhmnBppafJ7+NWINW6C7ZwWbi30ImJzqWg==",
          "requires": {
            "ccount": "^1.0.0",
            "is-alphanumeric": "^1.0.0",
            "is-decimal": "^1.0.0",
            "is-whitespace-character": "^1.0.0",
            "longest-streak": "^2.0.1",
            "markdown-escapes": "^1.0.0",
            "markdown-table": "^1.1.0",
            "mdast-util-compact": "^1.0.0",
            "parse-entities": "^1.0.2",
            "repeat-string": "^1.5.4",
            "state-toggle": "^1.0.0",
            "stringify-entities": "^1.0.1",
            "unherit": "^1.0.4",
            "xtend": "^4.0.1"
          }
        }
      }
    },
    "remark-parse": {
      "version": "5.0.0",
      "resolved": "https://registry.npmjs.org/remark-parse/-/remark-parse-5.0.0.tgz",
      "integrity": "sha512-b3iXszZLH1TLoyUzrATcTQUZrwNl1rE70rVdSruJFlDaJ9z5aMkhrG43Pp68OgfHndL/ADz6V69Zow8cTQu+JA==",
      "requires": {
        "collapse-white-space": "^1.0.2",
        "is-alphabetical": "^1.0.0",
        "is-decimal": "^1.0.0",
        "is-whitespace-character": "^1.0.0",
        "is-word-character": "^1.0.0",
        "markdown-escapes": "^1.0.0",
        "parse-entities": "^1.1.0",
        "repeat-string": "^1.5.4",
        "state-toggle": "^1.0.0",
        "trim": "0.0.1",
        "trim-trailing-lines": "^1.0.0",
        "unherit": "^1.0.4",
        "unist-util-remove-position": "^1.0.0",
        "vfile-location": "^2.0.0",
        "xtend": "^4.0.1"
      }
    },
    "remark-stringify": {
      "version": "5.0.0",
      "resolved": "https://registry.npmjs.org/remark-stringify/-/remark-stringify-5.0.0.tgz",
      "integrity": "sha512-Ws5MdA69ftqQ/yhRF9XhVV29mhxbfGhbz0Rx5bQH+oJcNhhSM6nCu1EpLod+DjrFGrU0BMPs+czVmJZU7xiS7w==",
      "requires": {
        "ccount": "^1.0.0",
        "is-alphanumeric": "^1.0.0",
        "is-decimal": "^1.0.0",
        "is-whitespace-character": "^1.0.0",
        "longest-streak": "^2.0.1",
        "markdown-escapes": "^1.0.0",
        "markdown-table": "^1.1.0",
        "mdast-util-compact": "^1.0.0",
        "parse-entities": "^1.0.2",
        "repeat-string": "^1.5.4",
        "state-toggle": "^1.0.0",
        "stringify-entities": "^1.0.1",
        "unherit": "^1.0.4",
        "xtend": "^4.0.1"
      }
    },
    "repeat-string": {
      "version": "1.6.1",
      "resolved": "https://registry.npmjs.org/repeat-string/-/repeat-string-1.6.1.tgz",
      "integrity": "sha1-jcrkcOHIirwtYA//Sndihtp15jc="
    },
    "replace-ext": {
      "version": "1.0.0",
      "resolved": "https://registry.npmjs.org/replace-ext/-/replace-ext-1.0.0.tgz",
      "integrity": "sha1-3mMSg3P8v3w8z6TeWkgMRaZ5WOs="
    },
    "state-toggle": {
      "version": "1.0.1",
      "resolved": "https://registry.npmjs.org/state-toggle/-/state-toggle-1.0.1.tgz",
      "integrity": "sha512-Qe8QntFrrpWTnHwvwj2FZTgv+PKIsp0B9VxLzLLbSpPXWOgRgc5LVj/aTiSfK1RqIeF9jeC1UeOH8Q8y60A7og=="
    },
    "stringify-entities": {
      "version": "1.3.2",
      "resolved": "https://registry.npmjs.org/stringify-entities/-/stringify-entities-1.3.2.tgz",
      "integrity": "sha512-nrBAQClJAPN2p+uGCVJRPIPakKeKWZ9GtBCmormE7pWOSlHat7+x5A8gx85M7HM5Dt0BP3pP5RhVW77WdbJJ3A==",
      "requires": {
        "character-entities-html4": "^1.0.0",
        "character-entities-legacy": "^1.0.0",
        "is-alphanumerical": "^1.0.0",
        "is-hexadecimal": "^1.0.0"
      }
    },
    "trim": {
      "version": "0.0.1",
      "resolved": "https://registry.npmjs.org/trim/-/trim-0.0.1.tgz",
      "integrity": "sha1-WFhUf2spB1fulczMZm+1AITEYN0="
    },
    "trim-trailing-lines": {
      "version": "1.1.4",
      "resolved": "https://registry.npmjs.org/trim-trailing-lines/-/trim-trailing-lines-1.1.4.tgz",
      "integrity": "sha512-rjUWSqnfTNrjbB9NQWfPMH/xRK1deHeGsHoVfpxJ++XeYXE0d6B1En37AHfw3jtfTU7dzMzZL2jjpe8Qb5gLIQ=="
    },
    "trough": {
      "version": "1.0.2",
      "resolved": "https://registry.npmjs.org/trough/-/trough-1.0.2.tgz",
      "integrity": "sha512-FHkoUZvG6Egrv9XZAyYGKEyb1JMsFphgPjoczkZC2y6W93U1jswcVURB8MUvtsahEPEVACyxD47JAL63vF4JsQ=="
    },
    "unherit": {
      "version": "1.1.1",
      "resolved": "https://registry.npmjs.org/unherit/-/unherit-1.1.1.tgz",
      "integrity": "sha512-+XZuV691Cn4zHsK0vkKYwBEwB74T3IZIcxrgn2E4rKwTfFyI1zCh7X7grwh9Re08fdPlarIdyWgI8aVB3F5A5g==",
      "requires": {
        "inherits": "^2.0.1",
        "xtend": "^4.0.1"
      }
    },
    "unified": {
      "version": "7.0.0",
      "resolved": "https://registry.npmjs.org/unified/-/unified-7.0.0.tgz",
      "integrity": "sha512-j+Sm7upmmt3RXPBeA+KFGYBlHBxClnby2DtxezFKwMfhWTAklY4WbEdhwRo6c6GpuHdi04YDsyPKY/kh5a/xnQ==",
      "requires": {
        "bail": "^1.0.0",
        "extend": "^3.0.0",
        "is-plain-obj": "^1.1.0",
        "trough": "^1.0.0",
        "vfile": "^3.0.0",
        "x-is-string": "^0.1.0"
      }
    },
    "unist-util-is": {
      "version": "2.1.2",
      "resolved": "https://registry.npmjs.org/unist-util-is/-/unist-util-is-2.1.2.tgz",
      "integrity": "sha512-YkXBK/H9raAmG7KXck+UUpnKiNmUdB+aBGrknfQ4EreE1banuzrKABx3jP6Z5Z3fMSPMQQmeXBlKpCbMwBkxVw=="
    },
    "unist-util-modify-children": {
      "version": "1.1.2",
      "resolved": "https://registry.npmjs.org/unist-util-modify-children/-/unist-util-modify-children-1.1.2.tgz",
      "integrity": "sha512-GRi04yhng1WqBf5RBzPkOtWAadcZS2gvuOgNn/cyJBYNxtTuyYqTKN0eg4rC1YJwGnzrqfRB3dSKm8cNCjNirg==",
      "requires": {
        "array-iterate": "^1.0.0"
      }
    },
    "unist-util-remove-position": {
      "version": "1.1.2",
      "resolved": "https://registry.npmjs.org/unist-util-remove-position/-/unist-util-remove-position-1.1.2.tgz",
      "integrity": "sha512-XxoNOBvq1WXRKXxgnSYbtCF76TJrRoe5++pD4cCBsssSiWSnPEktyFrFLE8LTk3JW5mt9hB0Sk5zn4x/JeWY7Q==",
      "requires": {
        "unist-util-visit": "^1.1.0"
      }
    },
    "unist-util-stringify-position": {
      "version": "1.1.2",
      "resolved": "https://registry.npmjs.org/unist-util-stringify-position/-/unist-util-stringify-position-1.1.2.tgz",
      "integrity": "sha512-pNCVrk64LZv1kElr0N1wPiHEUoXNVFERp+mlTg/s9R5Lwg87f9bM/3sQB99w+N9D/qnM9ar3+AKDBwo/gm/iQQ=="
    },
    "unist-util-visit": {
      "version": "1.3.1",
      "resolved": "https://registry.npmjs.org/unist-util-visit/-/unist-util-visit-1.3.1.tgz",
      "integrity": "sha512-0fdB9EQJU0tho5tK0VzOJzAQpPv2LyLZ030b10GxuzAWEfvd54mpY7BMjQ1L69k2YNvL+SvxRzH0yUIehOO8aA==",
      "requires": {
        "unist-util-is": "^2.1.1"
      }
    },
    "uptown": {
      "version": "1.0.1",
      "resolved": "https://registry.npmjs.org/uptown/-/uptown-1.0.1.tgz",
      "integrity": "sha512-Ft4xdRpyPoY9zDQ3gwG64AyF4jXgB4M64Pgtj4gYF5GKJh5bMSeEL6vQ/nlqlreHv6pF8l+5DuoKuZebvRhHtw==",
      "requires": {
        "lodash": "^4.14.2"
      }
    },
    "vfile": {
      "version": "3.0.0",
      "resolved": "https://registry.npmjs.org/vfile/-/vfile-3.0.0.tgz",
      "integrity": "sha512-X2DiPHL9Nxgfyu5DNVgtTkZtD4d4Zzf7rVBVI+uXP2pWWIQG8Ri+xAP9KdH/sB6SS0a1niWp5bRF88n4ciwhoA==",
      "requires": {
        "is-buffer": "^2.0.0",
        "replace-ext": "1.0.0",
        "unist-util-stringify-position": "^1.0.0",
        "vfile-message": "^1.0.0"
      }
    },
    "vfile-location": {
      "version": "2.0.6",
      "resolved": "https://registry.npmjs.org/vfile-location/-/vfile-location-2.0.6.tgz",
      "integrity": "sha512-sSFdyCP3G6Ka0CEmN83A2YCMKIieHx0EDaj5IDP4g1pa5ZJ4FJDvpO0WODLxo4LUX4oe52gmSCK7Jw4SBghqxA=="
    },
    "vfile-message": {
      "version": "1.0.1",
      "resolved": "https://registry.npmjs.org/vfile-message/-/vfile-message-1.0.1.tgz",
      "integrity": "sha512-vSGCkhNvJzO6VcWC6AlJW4NtYOVtS+RgCaqFIYUjoGIlHnFL+i0LbtYvonDWOMcB97uTPT4PRsyYY7REWC9vug==",
      "requires": {
        "unist-util-stringify-position": "^1.1.1"
      }
    },
    "x-is-string": {
      "version": "0.1.0",
      "resolved": "https://registry.npmjs.org/x-is-string/-/x-is-string-0.1.0.tgz",
      "integrity": "sha1-R0tQhlrzpJqcRlfwWs0UVFj3fYI="
    },
    "xtend": {
      "version": "4.0.1",
      "resolved": "https://registry.npmjs.org/xtend/-/xtend-4.0.1.tgz",
      "integrity": "sha1-pcbVMr5lbiPbgg77lDofBJmNY68="
    }
  }
}
