{
  "name": "gatsby-transformer-api-elements",
  "version": "0.0.0",
  "lockfileVersion": 1,
  "requires": true,
  "dependencies": {
    "babel-runtime": {
      "version": "6.26.0",
      "resolved": "https://registry.npmjs.org/babel-runtime/-/babel-runtime-6.26.0.tgz",
      "integrity": "sha1-llxwWGaOgrVde/4E/yM3vItWR/4=",
      "requires": {
        "core-js": "^2.4.0",
        "regenerator-runtime": "^0.11.0"
      }
    },
    "core-js": {
      "version": "2.5.7",
      "resolved": "https://registry.npmjs.org/core-js/-/core-js-2.5.7.tgz",
      "integrity": "sha512-RszJCAxg/PP6uzXVXL6BsxSXx/B05oJAQ2vkJRjyjrEcNVycaqOmNb5OTxZPE3xa5gwZduqza6L9JOCenh/Ecw=="
    },
    "crypto": {
      "version": "1.0.1",
      "resolved": "https://registry.npmjs.org/crypto/-/crypto-1.0.1.tgz",
      "integrity": "sha512-VxBKmeNcqQdiUQUW2Tzq0t377b54N2bMtXO/qiLa+6eRRmmC4qT3D4OnTGoT/U6O9aklQ/jTwbOtRMTTY8G0Ig=="
    },
    "deckardcain": {
      "version": "0.3.4",
      "resolved": "https://registry.npmjs.org/deckardcain/-/deckardcain-0.3.4.tgz",
      "integrity": "sha1-ZOlJ6xLHs0j1GpGJsHEPoKJPqVE="
    },
    "drafter": {
      "version": "1.2.0",
      "resolved": "https://registry.npmjs.org/drafter/-/drafter-1.2.0.tgz",
      "integrity": "sha1-9NEeje4fJ/mkBIW4dAxENh6c+Fk=",
      "requires": {
        "drafter.js": "^2.6.0",
        "protagonist": "^1.6.0"
      }
    },
    "drafter.js": {
      "version": "2.6.7",
      "resolved": "https://registry.npmjs.org/drafter.js/-/drafter.js-2.6.7.tgz",
      "integrity": "sha1-WcQ6hYZSc0DLNb3cVBgFWfru8AE="
    },
    "fury": {
      "version": "3.0.0-beta.6",
      "resolved": "https://registry.npmjs.org/fury/-/fury-3.0.0-beta.6.tgz",
      "integrity": "sha512-IjCU8srMfZv2SN075a0iCt+OdWmaSDaAv9+ev/degImwTmVbzy61Sx3sakI/G0tbhQs29szTVk/EwcoHf7ur5Q==",
      "requires": {
        "minim": "^0.20.1",
        "minim-parse-result": "^0.10.0"
      }
    },
    "fury-adapter-apib-parser": {
      "version": "0.10.0",
      "resolved": "https://registry.npmjs.org/fury-adapter-apib-parser/-/fury-adapter-apib-parser-0.10.0.tgz",
      "integrity": "sha512-nvKIiNZt452vnWEMTobgtd4qb8C5iLqoQCrXr0SCJOaILOzHQmdihipy6gjLtdM9MgyrKlOzkSBmSCL+wVPQOA==",
      "requires": {
        "babel-runtime": "^6.23.0",
        "deckardcain": "^0.3.2",
        "drafter": "^1.2.0",
        "minim": "^0.20.1"
      }
    },
    "graphql-type-json": {
      "version": "0.2.1",
      "resolved": "https://registry.npmjs.org/graphql-type-json/-/graphql-type-json-0.2.1.tgz",
      "integrity": "sha1-0sF34vGxfYf4EHLNBTEcB1S6pCA="
    },
    "lodash": {
      "version": "4.17.10",
      "resolved": "https://registry.npmjs.org/lodash/-/lodash-4.17.10.tgz",
      "integrity": "sha512-UejweD1pDoXu+AD825lWwp4ZGtSwgnpZxb3JDViD7StjQz+Nb/6l093lx4OQ0foGWNRoc19mWy7BzL+UAK2iVg=="
    },
    "minim": {
      "version": "0.20.5",
      "resolved": "https://registry.npmjs.org/minim/-/minim-0.20.5.tgz",
      "integrity": "sha512-Q+k+g4PXuxUi+WEOfoUOpLGRbGDSQmUZFKQK7EsqtiZJz2WwtmaC+r5VFRWvNqp9DZuTkWpkHwQxxNJcWC+UTg==",
      "requires": {
        "lodash": "^4.15.0",
        "uptown": "^1.0.1"
      }
    },
    "minim-api-description": {
      "version": "0.8.1",
      "resolved": "https://registry.npmjs.org/minim-api-description/-/minim-api-description-0.8.1.tgz",
      "integrity": "sha512-Tby/4oxIGD+bHimYFrOuQjA2h0jbyjIt9EmCFfyAOpkDjGkFWCXvfo137w49+ToUMj30cYNGM6TXyVoX3Zuuww=="
    },
    "minim-parse-result": {
      "version": "0.10.1",
      "resolved": "https://registry.npmjs.org/minim-parse-result/-/minim-parse-result-0.10.1.tgz",
      "integrity": "sha512-FZ9uZSsJOtGQ1fPjHOoT291J0K53BlL4XphiPIZc4zwNyrlS0m7o/QhupeAJ7xKz+6FNJJDKxfzw7LijPK0WBw==",
      "requires": {
        "minim-api-description": "^0.8.1"
      }
    },
    "nan": {
      "version": "2.10.0",
      "resolved": "https://registry.npmjs.org/nan/-/nan-2.10.0.tgz",
      "integrity": "sha512-bAdJv7fBLhWC+/Bls0Oza+mvTaNQtP+1RyhhhvD95pgUJz6XM5IzgmxOkItJ9tkoCiplvAnXI1tNmmUD/eScyA==",
      "optional": true
    },
    "protagonist": {
      "version": "1.6.8",
      "resolved": "https://registry.npmjs.org/protagonist/-/protagonist-1.6.8.tgz",
      "integrity": "sha1-FtXWMW8bbU5JPslFBjnbw1UDvm4=",
      "optional": true,
      "requires": {
        "nan": "^2.6.2"
      }
    },
    "regenerator-runtime": {
      "version": "0.11.1",
      "resolved": "https://registry.npmjs.org/regenerator-runtime/-/regenerator-runtime-0.11.1.tgz",
      "integrity": "sha512-MguG95oij0fC3QV3URf4V2SDYGJhJnJGqvIIgdECeODCT98wSWDAJ94SSuVpYQUoTcGUIL6L4yNB7j1DFFHSBg=="
    },
    "uptown": {
      "version": "1.0.1",
      "resolved": "https://registry.npmjs.org/uptown/-/uptown-1.0.1.tgz",
      "integrity": "sha512-Ft4xdRpyPoY9zDQ3gwG64AyF4jXgB4M64Pgtj4gYF5GKJh5bMSeEL6vQ/nlqlreHv6pF8l+5DuoKuZebvRhHtw==",
      "requires": {
        "lodash": "^4.14.2"
      }
    }
  }
}
